<?xml version="1.0" encoding="utf-8"?>
<Project ToolsVersion="4.0" xmlns="http://schemas.microsoft.com/developer/msbuild/2003">
  <ItemGroup>
    <Filter Include="Source Files">
      <UniqueIdentifier>{4FC737F1-C7A5-4376-A066-2A32D752A2FF}</UniqueIdentifier>
      <Extensions>cpp;c;cc;cxx;def;odl;idl;hpj;bat;asm;asmx</Extensions>
    </Filter>
    <Filter Include="Header Files">
      <UniqueIdentifier>{93995380-89BD-4b04-88EB-625FBE52EBFB}</UniqueIdentifier>
      <Extensions>h;hpp;hxx;hm;inl;inc;xsd</Extensions>
    </Filter>
    <Filter Include="Resource Files">
      <UniqueIdentifier>{67DA6AB6-F800-4c08-8B7A-83BB121AAD01}</UniqueIdentifier>
      <Extensions>rc;ico;cur;bmp;dlg;rc2;rct;bin;rgs;gif;jpg;jpeg;jpe;resx;tiff;tif;png;wav</Extensions>
    </Filter>
  </ItemGroup>
  <ItemGroup>
    <ClCompile Include="src\repl\sxxmachine\BlockingPrologControl.cpp">
      <Filter>Source Files</Filter>
    </ClCompile>
    <ClCompile Include="src\repl\sxxmachine\PrologMain.cpp">
      <Filter>Source Files</Filter>
    </ClCompile>
    <ClCompile Include="src\repl\sxxmachine\PrologMain2.cpp">
      <Filter>Source Files</Filter>
    </ClCompile>
    <ClCompile Include="src\handcoded\sxxmachine\builtin\sxxtensions.cpp">
      <Filter>Source Files</Filter>
    </ClCompile>
    <ClCompile Include="src\handcoded\sxxmachine\builtin\bootpreds.cpp">
      <Filter>Source Files</Filter>
    </ClCompile>
    <ClCompile Include="src\builtin\sxxmachine\builtin\FILE_io.cpp">
      <Filter>Source Files</Filter>
    </ClCompile>
    <ClCompile Include="src\builtin\sxxmachine\builtin\FILE_swi_supp.cpp">
      <Filter>Source Files</Filter>
    </ClCompile>
    <ClCompile Include="src\builtin\sxxmachine\builtin\FILE_cafeteria.cpp">
      <Filter>Source Files</Filter>
    </ClCompile>
    <ClCompile Include="src\builtin\sxxmachine\builtin\FILE_builtins.cpp">
      <Filter>Source Files</Filter>
    </ClCompile>
    <ClCompile Include="src\builtin\sxxmachine\builtin\FILE_system.cpp">
      <Filter>Source Files</Filter>
    </ClCompile>
    <ClCompile Include="src\library\sxxmachine\library\FILE_portray_text.cpp">
      <Filter>Source Files</Filter>
    </ClCompile>
    <ClCompile Include="src\library\sxxmachine\library\FILE_prolog_metainference.cpp">
      <Filter>Source Files</Filter>
    </ClCompile>
    <ClCompile Include="src\library\sxxmachine\library\FILE_readutil.cpp">
      <Filter>Source Files</Filter>
    </ClCompile>
    <ClCompile Include="src\library\sxxmachine\library\FILE_console_input.cpp">
      <Filter>Source Files</Filter>
    </ClCompile>
    <ClCompile Include="src\library\sxxmachine\library\FILE_prolog_jiti.cpp">
      <Filter>Source Files</Filter>
    </ClCompile>
    <ClCompile Include="src\library\sxxmachine\library\FILE_apply_macros.cpp">
      <Filter>Source Files</Filter>
    </ClCompile>
    <ClCompile Include="src\library\sxxmachine\library\FILE_system.cpp">
      <Filter>Source Files</Filter>
    </ClCompile>
    <ClCompile Include="src\library\sxxmachine\library\FILE_pio.cpp">
      <Filter>Source Files</Filter>
    </ClCompile>
    <ClCompile Include="src\library\sxxmachine\library\FILE_lists.cpp">
      <Filter>Source Files</Filter>
    </ClCompile>
    <ClCompile Include="src\machine\sxxmachine\LongTerm.cpp">
      <Filter>Source Files</Filter>
    </ClCompile>
    <ClCompile Include="src\machine\sxxmachine\Operation.cpp">
      <Filter>Source Files</Filter>
    </ClCompile>
    <ClCompile Include="src\machine\sxxmachine\Token.cpp">
      <Filter>Source Files</Filter>
    </ClCompile>
    <ClCompile Include="src\machine\sxxmachine\Nonvar.cpp">
      <Filter>Source Files</Filter>
    </ClCompile>
    <ClCompile Include="src\machine\sxxmachine\BlockPredicate.cpp">
      <Filter>Source Files</Filter>
    </ClCompile>
    <ClCompile Include="src\machine\sxxmachine\Prolog.cpp">
      <Filter>Source Files</Filter>
    </ClCompile>
    <ClCompile Include="src\machine\sxxmachine\Term.cpp">
      <Filter>Source Files</Filter>
    </ClCompile>
    <ClCompile Include="src\machine\sxxmachine\ListViewTerm.cpp">
      <Filter>Source Files</Filter>
    </ClCompile>
    <ClCompile Include="src\machine\sxxmachine\ChoicePointStack.cpp">
      <Filter>Source Files</Filter>
    </ClCompile>
    <ClCompile Include="src\machine\sxxmachine\TermData.cpp">
      <Filter>Source Files</Filter>
    </ClCompile>
    <ClCompile Include="src\machine\sxxmachine\PrologControl.cpp">
      <Filter>Source Files</Filter>
    </ClCompile>
    <ClCompile Include="src\machine\sxxmachine\OutOfScope.cpp">
      <Filter>Source Files</Filter>
    </ClCompile>
    <ClCompile Include="src\machine\sxxmachine\PredTable.cpp">
      <Filter>Source Files</Filter>
    </ClCompile>
    <ClCompile Include="src\machine\sxxmachine\ChoicePointFrame.cpp">
      <Filter>Source Files</Filter>
    </ClCompile>
    <ClCompile Include="src\machine\sxxmachine\IntegerTerm.cpp">
      <Filter>Source Files</Filter>
    </ClCompile>
    <ClCompile Include="src\machine\sxxmachine\ListTerm.cpp">
      <Filter>Source Files</Filter>
    </ClCompile>
    <ClCompile Include="src\machine\sxxmachine\HashtableOfTerm.cpp">
      <Filter>Source Files</Filter>
    </ClCompile>
    <ClCompile Include="src\machine\sxxmachine\OutOfLoop.cpp">
      <Filter>Source Files</Filter>
    </ClCompile>
    <ClCompile Include="src\machine\sxxmachine\MapTerm.cpp">
      <Filter>Source Files</Filter>
    </ClCompile>
    <ClCompile Include="src\machine\sxxmachine\AliasTerm.cpp">
      <Filter>Source Files</Filter>
    </ClCompile>
    <ClCompile Include="src\machine\sxxmachine\InternalDatabase.cpp">
      <Filter>Source Files</Filter>
    </ClCompile>
    <ClCompile Include="src\machine\sxxmachine\Trail.cpp">
      <Filter>Source Files</Filter>
    </ClCompile>
    <ClCompile Include="src\machine\sxxmachine\LineNumberPushbackReader.cpp">
      <Filter>Source Files</Filter>
    </ClCompile>
    <ClCompile Include="src\machine\sxxmachine\PrologClassLoader.cpp">
      <Filter>Source Files</Filter>
    </ClCompile>
    <ClCompile Include="src\machine\sxxmachine\PrologMachineCopy.cpp">
      <Filter>Source Files</Filter>
    </ClCompile>
    <ClCompile Include="src\machine\sxxmachine\KPTerm.cpp">
      <Filter>Source Files</Filter>
    </ClCompile>
    <ClCompile Include="src\machine\sxxmachine\ClosureTerm.cpp">
      <Filter>Source Files</Filter>
    </ClCompile>
    <ClCompile Include="src\machine\sxxmachine\NumberTerm.cpp">
      <Filter>Source Files</Filter>
    </ClCompile>
    <ClCompile Include="src\machine\sxxmachine\PredicateEncoder.cpp">
      <Filter>Source Files</Filter>
    </ClCompile>
    <ClCompile Include="src\machine\sxxmachine\Predicate.cpp">
      <Filter>Source Files</Filter>
    </ClCompile>
    <ClCompile Include="src\machine\sxxmachine\Failure.cpp">
      <Filter>Source Files</Filter>
    </ClCompile>
    <ClCompile Include="src\machine\sxxmachine\StructureTerm.cpp">
      <Filter>Source Files</Filter>
    </ClCompile>
    <ClCompile Include="src\machine\sxxmachine\FrozenData.cpp">
      <Filter>Source Files</Filter>
    </ClCompile>
    <ClCompile Include="src\machine\sxxmachine\SystemObject.cpp">
      <Filter>Source Files</Filter>
    </ClCompile>
    <ClCompile Include="src\machine\sxxmachine\BufferingPrologControl.cpp">
      <Filter>Source Files</Filter>
    </ClCompile>
    <ClCompile Include="src\machine\sxxmachine\FFIObjectTerm.cpp">
      <Filter>Source Files</Filter>
    </ClCompile>
    <ClCompile Include="src\machine\sxxmachine\FFIPredicate.cpp">
      <Filter>Source Files</Filter>
    </ClCompile>
    <ClCompile Include="src\machine\sxxmachine\Success.cpp">
      <Filter>Source Files</Filter>
    </ClCompile>
    <ClCompile Include="src\machine\sxxmachine\Undoable.cpp">
      <Filter>Source Files</Filter>
    </ClCompile>
    <ClCompile Include="src\machine\sxxmachine\SymbolTerm.cpp">
      <Filter>Source Files</Filter>
    </ClCompile>
    <ClCompile Include="src\machine\sxxmachine\DoubleTerm.cpp">
      <Filter>Source Files</Filter>
    </ClCompile>
    <ClCompile Include="src\machine\sxxmachine\ErrorTerm.cpp">
      <Filter>Source Files</Filter>
    </ClCompile>
    <ClCompile Include="src\machine\sxxmachine\JavaPredicate.cpp">
      <Filter>Source Files</Filter>
    </ClCompile>
    <ClCompile Include="src\machine\sxxmachine\Arithmetic.cpp">
      <Filter>Source Files</Filter>
    </ClCompile>
    <ClCompile Include="src\machine\sxxmachine\CachedMemoizer.cpp">
      <Filter>Source Files</Filter>
    </ClCompile>
    <ClCompile Include="src\machine\sxxmachine\PrologLogger.cpp">
      <Filter>Source Files</Filter>
    </ClCompile>
    <ClCompile Include="src\machine\sxxmachine\VariableTerm.cpp">
      <Filter>Source Files</Filter>
    </ClCompile>
    <ClCompile Include="src\machine\sxxmachine\Mutex.cpp">
      <Filter>Source Files</Filter>
    </ClCompile>
    <ClCompile Include="src\machine\sxxmachine\exceptions\ReductionLimitException.cpp">
      <Filter>Source Files</Filter>
    </ClCompile>
    <ClCompile Include="src\machine\sxxmachine\exceptions\SyntaxException.cpp">
      <Filter>Source Files</Filter>
    </ClCompile>
    <ClCompile Include="src\machine\sxxmachine\exceptions\StopEngineException.cpp">
      <Filter>Source Files</Filter>
    </ClCompile>
    <ClCompile Include="src\machine\sxxmachine\exceptions\JavaException.cpp">
      <Filter>Source Files</Filter>
    </ClCompile>
    <ClCompile Include="src\machine\sxxmachine\exceptions\BuiltinException.cpp">
      <Filter>Source Files</Filter>
    </ClCompile>
    <ClCompile Include="src\machine\sxxmachine\exceptions\PermissionException.cpp">
      <Filter>Source Files</Filter>
    </ClCompile>
    <ClCompile Include="src\machine\sxxmachine\exceptions\TermException.cpp">
      <Filter>Source Files</Filter>
    </ClCompile>
    <ClCompile Include="src\machine\sxxmachine\exceptions\CompileException.cpp">
      <Filter>Source Files</Filter>
    </ClCompile>
    <ClCompile Include="src\machine\sxxmachine\exceptions\InternalException.cpp">
      <Filter>Source Files</Filter>
    </ClCompile>
    <ClCompile Include="src\machine\sxxmachine\exceptions\PrologException.cpp">
      <Filter>Source Files</Filter>
    </ClCompile>
    <ClCompile Include="src\machine\sxxmachine\exceptions\JavaInterruptedException.cpp">
      <Filter>Source Files</Filter>
    </ClCompile>
    <ClCompile Include="src\machine\sxxmachine\exceptions\HaltException.cpp">
      <Filter>Source Files</Filter>
    </ClCompile>
    <ClCompile Include="src\machine\sxxmachine\exceptions\IllegalDomainException.cpp">
      <Filter>Source Files</Filter>
    </ClCompile>
    <ClCompile Include="src\machine\sxxmachine\exceptions\SystemException.cpp">
      <Filter>Source Files</Filter>
    </ClCompile>
    <ClCompile Include="src\machine\sxxmachine\exceptions\IllegalTypeException.cpp">
      <Filter>Source Files</Filter>
    </ClCompile>
    <ClCompile Include="src\machine\sxxmachine\exceptions\ExistenceException.cpp">
      <Filter>Source Files</Filter>
    </ClCompile>
    <ClCompile Include="src\machine\sxxmachine\exceptions\PInstantiationException.cpp">
      <Filter>Source Files</Filter>
    </ClCompile>
    <ClCompile Include="src\machine\sxxmachine\exceptions\RepresentationException.cpp">
      <Filter>Source Files</Filter>
    </ClCompile>
    <ClCompile Include="src\machine\sxxmachine\exceptions\EvaluationException.cpp">
      <Filter>Source Files</Filter>
    </ClCompile>
    <ClCompile Include="src\bench\sxxmachine\bench\FILE_reducer.cpp">
      <Filter>Source Files</Filter>
    </ClCompile>
    <ClCompile Include="src\bench\sxxmachine\bench\FILE_flatten.cpp">
      <Filter>Source Files</Filter>
    </ClCompile>
    <ClCompile Include="src\bench\sxxmachine\bench\FILE_ops8.cpp">
      <Filter>Source Files</Filter>
    </ClCompile>
    <ClCompile Include="src\bench\sxxmachine\bench\FILE_zebra.cpp">
      <Filter>Source Files</Filter>
    </ClCompile>
    <ClCompile Include="src\bench\sxxmachine\bench\FILE_browse.cpp">
      <Filter>Source Files</Filter>
    </ClCompile>
    <ClCompile Include="src\bench\sxxmachine\bench\FILE_sdda.cpp">
      <Filter>Source Files</Filter>
    </ClCompile>
    <ClCompile Include="src\bench\sxxmachine\bench\FILE_query.cpp">
      <Filter>Source Files</Filter>
    </ClCompile>
    <ClCompile Include="src\bench\sxxmachine\bench\FILE_queens_8.cpp">
      <Filter>Source Files</Filter>
    </ClCompile>
    <ClCompile Include="src\bench\sxxmachine\bench\FILE_sendmore.cpp">
      <Filter>Source Files</Filter>
    </ClCompile>
    <ClCompile Include="src\bench\sxxmachine\bench\FILE_qsort.cpp">
      <Filter>Source Files</Filter>
    </ClCompile>
    <ClCompile Include="src\bench\sxxmachine\bench\FILE_nreverse.cpp">
      <Filter>Source Files</Filter>
    </ClCompile>
    <ClCompile Include="src\bench\sxxmachine\bench\FILE_nand.cpp">
      <Filter>Source Files</Filter>
    </ClCompile>
    <ClCompile Include="src\bench\sxxmachine\bench\FILE_divide10.cpp">
      <Filter>Source Files</Filter>
    </ClCompile>
    <ClCompile Include="src\bench\sxxmachine\bench\FILE_tak.cpp">
      <Filter>Source Files</Filter>
    </ClCompile>
    <ClCompile Include="src\bench\sxxmachine\bench\FILE_mu.cpp">
      <Filter>Source Files</Filter>
    </ClCompile>
    <ClCompile Include="src\bench\sxxmachine\bench\FILE_times10.cpp">
      <Filter>Source Files</Filter>
    </ClCompile>
    <ClCompile Include="src\bench\sxxmachine\bench\FILE_chat_parser.cpp">
      <Filter>Source Files</Filter>
    </ClCompile>
    <ClCompile Include="src\bench\sxxmachine\bench\FILE_boyer.cpp">
      <Filter>Source Files</Filter>
    </ClCompile>
    <ClCompile Include="src\bench\sxxmachine\bench\FILE_crypt.cpp">
      <Filter>Source Files</Filter>
    </ClCompile>
    <ClCompile Include="src\bench\sxxmachine\bench\FILE_serialise.cpp">
      <Filter>Source Files</Filter>
    </ClCompile>
    <ClCompile Include="src\bench\sxxmachine\bench\FILE_fast_mu.cpp">
      <Filter>Source Files</Filter>
    </ClCompile>
    <ClCompile Include="src\bench\sxxmachine\bench\FILE_simple_analyzer.cpp">
      <Filter>Source Files</Filter>
    </ClCompile>
    <ClCompile Include="src\bench\sxxmachine\bench\FILE_derive.cpp">
      <Filter>Source Files</Filter>
    </ClCompile>
    <ClCompile Include="src\bench\sxxmachine\bench\FILE_prover.cpp">
      <Filter>Source Files</Filter>
    </ClCompile>
    <ClCompile Include="src\bench\sxxmachine\bench\FILE_unify.cpp">
      <Filter>Source Files</Filter>
    </ClCompile>
    <ClCompile Include="src\bench\sxxmachine\bench\FILE_run.cpp">
      <Filter>Source Files</Filter>
    </ClCompile>
    <ClCompile Include="src\bench\sxxmachine\bench\FILE_poly_10.cpp">
      <Filter>Source Files</Filter>
    </ClCompile>
    <ClCompile Include="src\bench\sxxmachine\bench\FILE_log10.cpp">
      <Filter>Source Files</Filter>
    </ClCompile>
    <ClCompile Include="src\bench\sxxmachine\bench\FILE_meta_qsort.cpp">
      <Filter>Source Files</Filter>
    </ClCompile>
    <ClCompile Include="src\kernelprolog\prolog\Main.cpp">
      <Filter>Source Files</Filter>
    </ClCompile>
    <ClCompile Include="src\kernelprolog\prolog\Init.cpp">
      <Filter>Source Files</Filter>
    </ClCompile>
    <ClCompile Include="src\kernelprolog\prolog\KPTrail.cpp">
      <Filter>Source Files</Filter>
    </ClCompile>
    <ClCompile Include="src\kernelprolog\prolog\builtins\Builtins.cpp">
      <Filter>Source Files</Filter>
    </ClCompile>
    <ClCompile Include="src\kernelprolog\prolog\terms\FunBuiltin.cpp">
      <Filter>Source Files</Filter>
    </ClCompile>
    <ClCompile Include="src\kernelprolog\prolog\terms\Expect.cpp">
      <Filter>Source Files</Filter>
    </ClCompile>
    <ClCompile Include="src\kernelprolog\prolog\terms\Const.cpp">
      <Filter>Source Files</Filter>
    </ClCompile>
    <ClCompile Include="src\kernelprolog\prolog\terms\Copier.cpp">
      <Filter>Source Files</Filter>
    </ClCompile>
    <ClCompile Include="src\kernelprolog\prolog\terms\Real.cpp">
      <Filter>Source Files</Filter>
    </ClCompile>
    <ClCompile Include="src\kernelprolog\prolog\terms\Unfolder.cpp">
      <Filter>Source Files</Filter>
    </ClCompile>
    <ClCompile Include="src\kernelprolog\prolog\terms\PseudoVar.cpp">
      <Filter>Source Files</Filter>
    </ClCompile>
    <ClCompile Include="src\kernelprolog\prolog\terms\ConstBuiltin.cpp">
      <Filter>Source Files</Filter>
    </ClCompile>
    <ClCompile Include="src\kernelprolog\prolog\terms\true_.cpp">
      <Filter>Source Files</Filter>
    </ClCompile>
    <ClCompile Include="src\kernelprolog\prolog\terms\Var.cpp">
      <Filter>Source Files</Filter>
    </ClCompile>
    <ClCompile Include="src\kernelprolog\prolog\terms\Clause.cpp">
      <Filter>Source Files</Filter>
    </ClCompile>
    <ClCompile Include="src\kernelprolog\prolog\terms\fail_.cpp">
      <Filter>Source Files</Filter>
    </ClCompile>
    <ClCompile Include="src\kernelprolog\prolog\terms\Undoable.cpp">
      <Filter>Source Files</Filter>
    </ClCompile>
    <ClCompile Include="src\kernelprolog\prolog\terms\Source.cpp">
      <Filter>Source Files</Filter>
    </ClCompile>
    <ClCompile Include="src\kernelprolog\prolog\terms\Prog.cpp">
      <Filter>Source Files</Filter>
    </ClCompile>
    <ClCompile Include="src\kernelprolog\prolog\terms\Sink.cpp">
      <Filter>Source Files</Filter>
    </ClCompile>
    <ClCompile Include="src\kernelprolog\prolog\terms\ObjectStack.cpp">
      <Filter>Source Files</Filter>
    </ClCompile>
    <ClCompile Include="src\kernelprolog\prolog\terms\Fluent.cpp">
      <Filter>Source Files</Filter>
    </ClCompile>
    <ClCompile Include="src\kernelprolog\prolog\terms\VarNumberer.cpp">
      <Filter>Source Files</Filter>
    </ClCompile>
    <ClCompile Include="src\kernelprolog\prolog\io\ClauseReader.cpp">
      <Filter>Source Files</Filter>
    </ClCompile>
    <ClCompile Include="src\kernelprolog\prolog\io\IOPeer.cpp">
      <Filter>Source Files</Filter>
    </ClCompile>
    <ClCompile Include="src\kernelprolog\prolog\io\IO.cpp">
      <Filter>Source Files</Filter>
    </ClCompile>
    <ClCompile Include="src\kernelprolog\prolog\io\TermSource.cpp">
      <Filter>Source Files</Filter>
    </ClCompile>
    <ClCompile Include="src\kernelprolog\prolog\io\ClauseWriter.cpp">
      <Filter>Source Files</Filter>
    </ClCompile>
    <ClCompile Include="src\kernelprolog\prolog\io\CharReader.cpp">
      <Filter>Source Files</Filter>
    </ClCompile>
    <ClCompile Include="src\kernelprolog\prolog\io\Parser.cpp">
      <Filter>Source Files</Filter>
    </ClCompile>
    <ClCompile Include="src\kernelprolog\prolog\io\CharWriter.cpp">
      <Filter>Source Files</Filter>
    </ClCompile>
    <ClCompile Include="src\kernelprolog\prolog\fluents\TermCollector.cpp">
      <Filter>Source Files</Filter>
    </ClCompile>
    <ClCompile Include="src\kernelprolog\prolog\fluents\JavaSource.cpp">
      <Filter>Source Files</Filter>
    </ClCompile>
    <ClCompile Include="src\kernelprolog\prolog\fluents\SourceMerger.cpp">
      <Filter>Source Files</Filter>
    </ClCompile>
    <ClCompile Include="src\kernelprolog\prolog\fluents\SourceLoop.cpp">
      <Filter>Source Files</Filter>
    </ClCompile>
    <ClCompile Include="src\kernelprolog\prolog\fluents\DataBase.cpp">
      <Filter>Source Files</Filter>
    </ClCompile>
    <ClCompile Include="src\kernelprolog\prolog\fluents\HashDict.cpp">
      <Filter>Source Files</Filter>
    </ClCompile>
    <ClCompile Include="src\kernelprolog\prolog\fluents\BlackBoard.cpp">
      <Filter>Source Files</Filter>
    </ClCompile>
    <ClCompile Include="src\kernelprolog\prolog\fluents\Queue.cpp">
      <Filter>Source Files</Filter>
    </ClCompile>
    <ClCompile Include="src\kernelprolog\prolog\fluents\StringSink.cpp">
      <Filter>Source Files</Filter>
    </ClCompile>
    <ClCompile Include="src\kernelprolog\prolog\fluents\ListSource.cpp">
      <Filter>Source Files</Filter>
    </ClCompile>
    <ClCompile Include="src\kernelprolog\prolog\fluents\IntegerSource.cpp">
      <Filter>Source Files</Filter>
    </ClCompile>
    <ClCompile Include="src\compiler\sxxmachine\Compiler.cpp">
      <Filter>Source Files</Filter>
    </ClCompile>
    <ClCompile Include="src\compiler\sxxmachine\am2j\PRED_make_directory_1.cpp">
      <Filter>Source Files</Filter>
    </ClCompile>
    <ClCompile Include="src\compiler\sxxmachine\am2j\PRED_file_directory_name_2.cpp">
      <Filter>Source Files</Filter>
    </ClCompile>
    <ClCompile Include="src\compiler\sxxmachine\am2j\PRED_exists_directory_1.cpp">
      <Filter>Source Files</Filter>
    </ClCompile>
  </ItemGroup>
  <ItemGroup>
    <ClInclude Include="src\stringbuilder.h">
      <Filter>Header Files</Filter>
    </ClInclude>
    <ClInclude Include="src\stringhelper.h">
      <Filter>Header Files</Filter>
    </ClInclude>
    <ClInclude Include="src\tangible_filesystem.h">
      <Filter>Header Files</Filter>
    </ClInclude>
    <ClInclude Include="src\exceptionhelper.h">
      <Filter>Header Files</Filter>
    </ClInclude>
    <ClInclude Include="src\repl\sxxmachine\PrologMain.h">
      <Filter>Header Files</Filter>
    </ClInclude>
    <ClInclude Include="src\repl\sxxmachine\PrologMain2.h">
      <Filter>Header Files</Filter>
    </ClInclude>
    <ClInclude Include="src\repl\sxxmachine\BlockingPrologControl.h">
      <Filter>Header Files</Filter>
    </ClInclude>
    <ClInclude Include="src\handcoded\sxxmachine\builtin\bootpreds.h">
      <Filter>Header Files</Filter>
    </ClInclude>
    <ClInclude Include="src\handcoded\sxxmachine\builtin\sxxtensions.h">
      <Filter>Header Files</Filter>
    </ClInclude>
    <ClInclude Include="src\builtin\sxxmachine\builtin\FILE_swi_supp.h">
      <Filter>Header Files</Filter>
    </ClInclude>
    <ClInclude Include="src\builtin\sxxmachine\builtin\FILE_system.h">
      <Filter>Header Files</Filter>
    </ClInclude>
    <ClInclude Include="src\builtin\sxxmachine\builtin\FILE_builtins.h">
      <Filter>Header Files</Filter>
    </ClInclude>
    <ClInclude Include="src\builtin\sxxmachine\builtin\FILE_io.h">
      <Filter>Header Files</Filter>
    </ClInclude>
    <ClInclude Include="src\builtin\sxxmachine\builtin\FILE_cafeteria.h">
      <Filter>Header Files</Filter>
    </ClInclude>
    <ClInclude Include="src\library\sxxmachine\library\FILE_apply_macros.h">
      <Filter>Header Files</Filter>
    </ClInclude>
    <ClInclude Include="src\library\sxxmachine\library\FILE_readutil.h">
      <Filter>Header Files</Filter>
    </ClInclude>
    <ClInclude Include="src\library\sxxmachine\library\FILE_portray_text.h">
      <Filter>Header Files</Filter>
    </ClInclude>
    <ClInclude Include="src\library\sxxmachine\library\FILE_console_input.h">
      <Filter>Header Files</Filter>
    </ClInclude>
    <ClInclude Include="src\library\sxxmachine\library\FILE_prolog_jiti.h">
      <Filter>Header Files</Filter>
    </ClInclude>
    <ClInclude Include="src\library\sxxmachine\library\FILE_system.h">
      <Filter>Header Files</Filter>
    </ClInclude>
    <ClInclude Include="src\library\sxxmachine\library\FILE_pio.h">
      <Filter>Header Files</Filter>
    </ClInclude>
    <ClInclude Include="src\library\sxxmachine\library\FILE_lists.h">
      <Filter>Header Files</Filter>
    </ClInclude>
    <ClInclude Include="src\library\sxxmachine\library\FILE_prolog_metainference.h">
      <Filter>Header Files</Filter>
    </ClInclude>
    <ClInclude Include="src\machine\sxxmachine\ListTerm.h">
      <Filter>Header Files</Filter>
    </ClInclude>
    <ClInclude Include="src\machine\sxxmachine\SymbolTerm.h">
      <Filter>Header Files</Filter>
    </ClInclude>
    <ClInclude Include="src\machine\sxxmachine\LineNumberPushbackReader.h">
      <Filter>Header Files</Filter>
    </ClInclude>
    <ClInclude Include="src\machine\sxxmachine\FFIPredicate.h">
      <Filter>Header Files</Filter>
    </ClInclude>
    <ClInclude Include="src\machine\sxxmachine\ClosureTerm.h">
      <Filter>Header Files</Filter>
    </ClInclude>
    <ClInclude Include="src\machine\sxxmachine\ChoicePointStack.h">
      <Filter>Header Files</Filter>
    </ClInclude>
    <ClInclude Include="src\machine\sxxmachine\ChoicePointFrame.h">
      <Filter>Header Files</Filter>
    </ClInclude>
    <ClInclude Include="src\machine\sxxmachine\HashtableOfTerm.h">
      <Filter>Header Files</Filter>
    </ClInclude>
    <ClInclude Include="src\machine\sxxmachine\OutOfScope.h">
      <Filter>Header Files</Filter>
    </ClInclude>
    <ClInclude Include="src\machine\sxxmachine\AliasTerm.h">
      <Filter>Header Files</Filter>
    </ClInclude>
    <ClInclude Include="src\machine\sxxmachine\IntegerTerm.h">
      <Filter>Header Files</Filter>
    </ClInclude>
    <ClInclude Include="src\machine\sxxmachine\Token.h">
      <Filter>Header Files</Filter>
    </ClInclude>
    <ClInclude Include="src\machine\sxxmachine\Term.h">
      <Filter>Header Files</Filter>
    </ClInclude>
    <ClInclude Include="src\machine\sxxmachine\Failure.h">
      <Filter>Header Files</Filter>
    </ClInclude>
    <ClInclude Include="src\machine\sxxmachine\OutOfLoop.h">
      <Filter>Header Files</Filter>
    </ClInclude>
    <ClInclude Include="src\machine\sxxmachine\LongTerm.h">
      <Filter>Header Files</Filter>
    </ClInclude>
    <ClInclude Include="src\machine\sxxmachine\InternalDatabase.h">
      <Filter>Header Files</Filter>
    </ClInclude>
    <ClInclude Include="src\machine\sxxmachine\JavaPredicate.h">
      <Filter>Header Files</Filter>
    </ClInclude>
    <ClInclude Include="src\machine\sxxmachine\Operation.h">
      <Filter>Header Files</Filter>
    </ClInclude>
    <ClInclude Include="src\machine\sxxmachine\MapTerm.h">
      <Filter>Header Files</Filter>
    </ClInclude>
    <ClInclude Include="src\machine\sxxmachine\PrologLogger.h">
      <Filter>Header Files</Filter>
    </ClInclude>
    <ClInclude Include="src\machine\sxxmachine\PrologMachineCopy.h">
      <Filter>Header Files</Filter>
    </ClInclude>
    <ClInclude Include="src\machine\sxxmachine\Arithmetic.h">
      <Filter>Header Files</Filter>
    </ClInclude>
    <ClInclude Include="src\machine\sxxmachine\CachedMemoizer.h">
      <Filter>Header Files</Filter>
    </ClInclude>
    <ClInclude Include="src\machine\sxxmachine\PredTable.h">
      <Filter>Header Files</Filter>
    </ClInclude>
    <ClInclude Include="src\machine\sxxmachine\Prolog.h">
      <Filter>Header Files</Filter>
    </ClInclude>
    <ClInclude Include="src\machine\sxxmachine\FrozenData.h">
      <Filter>Header Files</Filter>
    </ClInclude>
    <ClInclude Include="src\machine\sxxmachine\Predicate.h">
      <Filter>Header Files</Filter>
    </ClInclude>
    <ClInclude Include="src\machine\sxxmachine\DoubleTerm.h">
      <Filter>Header Files</Filter>
    </ClInclude>
    <ClInclude Include="src\machine\sxxmachine\StructureTerm.h">
      <Filter>Header Files</Filter>
    </ClInclude>
    <ClInclude Include="src\machine\sxxmachine\BufferingPrologControl.h">
      <Filter>Header Files</Filter>
    </ClInclude>
    <ClInclude Include="src\machine\sxxmachine\ErrorTerm.h">
      <Filter>Header Files</Filter>
    </ClInclude>
    <ClInclude Include="src\machine\sxxmachine\PrologControl.h">
      <Filter>Header Files</Filter>
    </ClInclude>
    <ClInclude Include="src\machine\sxxmachine\Undoable.h">
      <Filter>Header Files</Filter>
    </ClInclude>
    <ClInclude Include="src\machine\sxxmachine\Trail.h">
      <Filter>Header Files</Filter>
    </ClInclude>
    <ClInclude Include="src\machine\sxxmachine\VariableTerm.h">
      <Filter>Header Files</Filter>
    </ClInclude>
    <ClInclude Include="src\machine\sxxmachine\ListViewTerm.h">
      <Filter>Header Files</Filter>
    </ClInclude>
    <ClInclude Include="src\machine\sxxmachine\PredicateEncoder.h">
      <Filter>Header Files</Filter>
    </ClInclude>
    <ClInclude Include="src\machine\sxxmachine\BlockPredicate.h">
      <Filter>Header Files</Filter>
    </ClInclude>
    <ClInclude Include="src\machine\sxxmachine\SystemObject.h">
      <Filter>Header Files</Filter>
    </ClInclude>
    <ClInclude Include="src\machine\sxxmachine\Nonvar.h">
      <Filter>Header Files</Filter>
    </ClInclude>
    <ClInclude Include="src\machine\sxxmachine\FFIObjectTerm.h">
      <Filter>Header Files</Filter>
    </ClInclude>
    <ClInclude Include="src\machine\sxxmachine\TermData.h">
      <Filter>Header Files</Filter>
    </ClInclude>
    <ClInclude Include="src\machine\sxxmachine\NumberTerm.h">
      <Filter>Header Files</Filter>
    </ClInclude>
    <ClInclude Include="src\machine\sxxmachine\Success.h">
      <Filter>Header Files</Filter>
    </ClInclude>
    <ClInclude Include="src\machine\sxxmachine\PrologClassLoader.h">
      <Filter>Header Files</Filter>
    </ClInclude>
    <ClInclude Include="src\machine\sxxmachine\Mutex.h">
      <Filter>Header Files</Filter>
    </ClInclude>
    <ClInclude Include="src\machine\sxxmachine\KPTerm.h">
      <Filter>Header Files</Filter>
    </ClInclude>
    <ClInclude Include="src\machine\sxxmachine\exceptions\TermException.h">
      <Filter>Header Files</Filter>
    </ClInclude>
    <ClInclude Include="src\machine\sxxmachine\exceptions\ReductionLimitException.h">
      <Filter>Header Files</Filter>
    </ClInclude>
    <ClInclude Include="src\machine\sxxmachine\exceptions\IllegalTypeException.h">
      <Filter>Header Files</Filter>
    </ClInclude>
    <ClInclude Include="src\machine\sxxmachine\exceptions\ExistenceException.h">
      <Filter>Header Files</Filter>
    </ClInclude>
    <ClInclude Include="src\machine\sxxmachine\exceptions\CompileException.h">
      <Filter>Header Files</Filter>
    </ClInclude>
    <ClInclude Include="src\machine\sxxmachine\exceptions\PermissionException.h">
      <Filter>Header Files</Filter>
    </ClInclude>
    <ClInclude Include="src\machine\sxxmachine\exceptions\PInstantiationException.h">
      <Filter>Header Files</Filter>
    </ClInclude>
    <ClInclude Include="src\machine\sxxmachine\exceptions\SystemException.h">
      <Filter>Header Files</Filter>
    </ClInclude>
    <ClInclude Include="src\machine\sxxmachine\exceptions\SyntaxException.h">
      <Filter>Header Files</Filter>
    </ClInclude>
    <ClInclude Include="src\machine\sxxmachine\exceptions\IllegalDomainException.h">
      <Filter>Header Files</Filter>
    </ClInclude>
    <ClInclude Include="src\machine\sxxmachine\exceptions\BuiltinException.h">
      <Filter>Header Files</Filter>
    </ClInclude>
    <ClInclude Include="src\machine\sxxmachine\exceptions\EvaluationException.h">
      <Filter>Header Files</Filter>
    </ClInclude>
    <ClInclude Include="src\machine\sxxmachine\exceptions\JavaInterruptedException.h">
      <Filter>Header Files</Filter>
    </ClInclude>
    <ClInclude Include="src\machine\sxxmachine\exceptions\InternalException.h">
      <Filter>Header Files</Filter>
    </ClInclude>
    <ClInclude Include="src\machine\sxxmachine\exceptions\PrologException.h">
      <Filter>Header Files</Filter>
    </ClInclude>
    <ClInclude Include="src\machine\sxxmachine\exceptions\StopEngineException.h">
      <Filter>Header Files</Filter>
    </ClInclude>
    <ClInclude Include="src\machine\sxxmachine\exceptions\JavaException.h">
      <Filter>Header Files</Filter>
    </ClInclude>
    <ClInclude Include="src\machine\sxxmachine\exceptions\HaltException.h">
      <Filter>Header Files</Filter>
    </ClInclude>
    <ClInclude Include="src\machine\sxxmachine\exceptions\RepresentationException.h">
      <Filter>Header Files</Filter>
    </ClInclude>
    <ClInclude Include="src\bench\sxxmachine\bench\FILE_sdda.h">
      <Filter>Header Files</Filter>
    </ClInclude>
    <ClInclude Include="src\bench\sxxmachine\bench\FILE_divide10.h">
      <Filter>Header Files</Filter>
    </ClInclude>
    <ClInclude Include="src\bench\sxxmachine\bench\FILE_queens_8.h">
      <Filter>Header Files</Filter>
    </ClInclude>
    <ClInclude Include="src\bench\sxxmachine\bench\FILE_zebra.h">
      <Filter>Header Files</Filter>
    </ClInclude>
    <ClInclude Include="src\bench\sxxmachine\bench\FILE_nand.h">
      <Filter>Header Files</Filter>
    </ClInclude>
    <ClInclude Include="src\bench\sxxmachine\bench\FILE_unify.h">
      <Filter>Header Files</Filter>
    </ClInclude>
    <ClInclude Include="src\bench\sxxmachine\bench\FILE_mu.h">
      <Filter>Header Files</Filter>
    </ClInclude>
    <ClInclude Include="src\bench\sxxmachine\bench\FILE_meta_qsort.h">
      <Filter>Header Files</Filter>
    </ClInclude>
    <ClInclude Include="src\bench\sxxmachine\bench\FILE_tak.h">
      <Filter>Header Files</Filter>
    </ClInclude>
    <ClInclude Include="src\bench\sxxmachine\bench\FILE_reducer.h">
      <Filter>Header Files</Filter>
    </ClInclude>
    <ClInclude Include="src\bench\sxxmachine\bench\FILE_crypt.h">
      <Filter>Header Files</Filter>
    </ClInclude>
    <ClInclude Include="src\bench\sxxmachine\bench\FILE_run.h">
      <Filter>Header Files</Filter>
    </ClInclude>
    <ClInclude Include="src\bench\sxxmachine\bench\FILE_serialise.h">
      <Filter>Header Files</Filter>
    </ClInclude>
    <ClInclude Include="src\bench\sxxmachine\bench\FILE_sendmore.h">
      <Filter>Header Files</Filter>
    </ClInclude>
    <ClInclude Include="src\bench\sxxmachine\bench\FILE_query.h">
      <Filter>Header Files</Filter>
    </ClInclude>
    <ClInclude Include="src\bench\sxxmachine\bench\FILE_browse.h">
      <Filter>Header Files</Filter>
    </ClInclude>
    <ClInclude Include="src\bench\sxxmachine\bench\FILE_chat_parser.h">
      <Filter>Header Files</Filter>
    </ClInclude>
    <ClInclude Include="src\bench\sxxmachine\bench\FILE_derive.h">
      <Filter>Header Files</Filter>
    </ClInclude>
    <ClInclude Include="src\bench\sxxmachine\bench\FILE_ops8.h">
      <Filter>Header Files</Filter>
    </ClInclude>
    <ClInclude Include="src\bench\sxxmachine\bench\FILE_prover.h">
      <Filter>Header Files</Filter>
    </ClInclude>
    <ClInclude Include="src\bench\sxxmachine\bench\FILE_times10.h">
      <Filter>Header Files</Filter>
    </ClInclude>
    <ClInclude Include="src\bench\sxxmachine\bench\FILE_fast_mu.h">
      <Filter>Header Files</Filter>
    </ClInclude>
    <ClInclude Include="src\bench\sxxmachine\bench\FILE_flatten.h">
      <Filter>Header Files</Filter>
    </ClInclude>
    <ClInclude Include="src\bench\sxxmachine\bench\FILE_nreverse.h">
      <Filter>Header Files</Filter>
    </ClInclude>
    <ClInclude Include="src\bench\sxxmachine\bench\FILE_boyer.h">
      <Filter>Header Files</Filter>
    </ClInclude>
    <ClInclude Include="src\bench\sxxmachine\bench\FILE_simple_analyzer.h">
      <Filter>Header Files</Filter>
    </ClInclude>
    <ClInclude Include="src\bench\sxxmachine\bench\FILE_qsort.h">
      <Filter>Header Files</Filter>
    </ClInclude>
    <ClInclude Include="src\bench\sxxmachine\bench\FILE_poly_10.h">
      <Filter>Header Files</Filter>
    </ClInclude>
    <ClInclude Include="src\bench\sxxmachine\bench\FILE_log10.h">
      <Filter>Header Files</Filter>
    </ClInclude>
    <ClInclude Include="src\kernelprolog\prolog\KPTrail.h">
      <Filter>Header Files</Filter>
    </ClInclude>
    <ClInclude Include="src\kernelprolog\prolog\Main.h">
      <Filter>Header Files</Filter>
    </ClInclude>
    <ClInclude Include="src\kernelprolog\prolog\Init.h">
      <Filter>Header Files</Filter>
    </ClInclude>
    <ClInclude Include="src\kernelprolog\prolog\builtins\Builtins.h">
      <Filter>Header Files</Filter>
    </ClInclude>
    <ClInclude Include="src\kernelprolog\prolog\terms\Const.h">
      <Filter>Header Files</Filter>
    </ClInclude>
    <ClInclude Include="src\kernelprolog\prolog\terms\Clause.h">
      <Filter>Header Files</Filter>
    </ClInclude>
    <ClInclude Include="src\kernelprolog\prolog\terms\ObjectStack.h">
      <Filter>Header Files</Filter>
    </ClInclude>
    <ClInclude Include="src\kernelprolog\prolog\terms\VarNumberer.h">
      <Filter>Header Files</Filter>
    </ClInclude>
    <ClInclude Include="src\kernelprolog\prolog\terms\PseudoVar.h">
      <Filter>Header Files</Filter>
    </ClInclude>
    <ClInclude Include="src\kernelprolog\prolog\terms\true_.h">
      <Filter>Header Files</Filter>
    </ClInclude>
    <ClInclude Include="src\kernelprolog\prolog\terms\Expect.h">
      <Filter>Header Files</Filter>
    </ClInclude>
    <ClInclude Include="src\kernelprolog\prolog\terms\fail_.h">
      <Filter>Header Files</Filter>
    </ClInclude>
    <ClInclude Include="src\kernelprolog\prolog\terms\Source.h">
      <Filter>Header Files</Filter>
    </ClInclude>
    <ClInclude Include="src\kernelprolog\prolog\terms\Var.h">
      <Filter>Header Files</Filter>
    </ClInclude>
    <ClInclude Include="src\kernelprolog\prolog\terms\Real.h">
      <Filter>Header Files</Filter>
    </ClInclude>
    <ClInclude Include="src\kernelprolog\prolog\terms\Sink.h">
      <Filter>Header Files</Filter>
    </ClInclude>
    <ClInclude Include="src\kernelprolog\prolog\terms\Copier.h">
      <Filter>Header Files</Filter>
    </ClInclude>
    <ClInclude Include="src\kernelprolog\prolog\terms\ConstBuiltin.h">
      <Filter>Header Files</Filter>
    </ClInclude>
    <ClInclude Include="src\kernelprolog\prolog\terms\Prog.h">
      <Filter>Header Files</Filter>
    </ClInclude>
    <ClInclude Include="src\kernelprolog\prolog\terms\Undoable.h">
      <Filter>Header Files</Filter>
    </ClInclude>
    <ClInclude Include="src\kernelprolog\prolog\terms\Unfolder.h">
      <Filter>Header Files</Filter>
    </ClInclude>
    <ClInclude Include="src\kernelprolog\prolog\terms\FunBuiltin.h">
      <Filter>Header Files</Filter>
    </ClInclude>
    <ClInclude Include="src\kernelprolog\prolog\terms\Fluent.h">
      <Filter>Header Files</Filter>
    </ClInclude>
    <ClInclude Include="src\kernelprolog\prolog\io\CharWriter.h">
      <Filter>Header Files</Filter>
    </ClInclude>
    <ClInclude Include="src\kernelprolog\prolog\io\ClauseWriter.h">
      <Filter>Header Files</Filter>
    </ClInclude>
    <ClInclude Include="src\kernelprolog\prolog\io\CharReader.h">
      <Filter>Header Files</Filter>
    </ClInclude>
    <ClInclude Include="src\kernelprolog\prolog\io\TermSource.h">
      <Filter>Header Files</Filter>
    </ClInclude>
    <ClInclude Include="src\kernelprolog\prolog\io\ClauseReader.h">
      <Filter>Header Files</Filter>
    </ClInclude>
    <ClInclude Include="src\kernelprolog\prolog\io\Parser.h">
      <Filter>Header Files</Filter>
    </ClInclude>
    <ClInclude Include="src\kernelprolog\prolog\io\IOPeer.h">
      <Filter>Header Files</Filter>
    </ClInclude>
    <ClInclude Include="src\kernelprolog\prolog\io\IO.h">
      <Filter>Header Files</Filter>
    </ClInclude>
    <ClInclude Include="src\kernelprolog\prolog\fluents\HashDict.h">
      <Filter>Header Files</Filter>
    </ClInclude>
    <ClInclude Include="src\kernelprolog\prolog\fluents\SourceMerger.h">
      <Filter>Header Files</Filter>
    </ClInclude>
    <ClInclude Include="src\kernelprolog\prolog\fluents\BlackBoard.h">
      <Filter>Header Files</Filter>
    </ClInclude>
    <ClInclude Include="src\kernelprolog\prolog\fluents\IntegerSource.h">
      <Filter>Header Files</Filter>
    </ClInclude>
    <ClInclude Include="src\kernelprolog\prolog\fluents\Queue.h">
      <Filter>Header Files</Filter>
    </ClInclude>
    <ClInclude Include="src\kernelprolog\prolog\fluents\TermCollector.h">
      <Filter>Header Files</Filter>
    </ClInclude>
    <ClInclude Include="src\kernelprolog\prolog\fluents\StringSink.h">
      <Filter>Header Files</Filter>
    </ClInclude>
    <ClInclude Include="src\kernelprolog\prolog\fluents\SourceLoop.h">
      <Filter>Header Files</Filter>
    </ClInclude>
    <ClInclude Include="src\kernelprolog\prolog\fluents\DataBase.h">
      <Filter>Header Files</Filter>
    </ClInclude>
    <ClInclude Include="src\kernelprolog\prolog\fluents\JavaSource.h">
      <Filter>Header Files</Filter>
    </ClInclude>
    <ClInclude Include="src\kernelprolog\prolog\fluents\ListSource.h">
      <Filter>Header Files</Filter>
    </ClInclude>
    <ClInclude Include="src\compiler\sxxmachine\Compiler.h">
      <Filter>Header Files</Filter>
    </ClInclude>
    <ClInclude Include="src\compiler\sxxmachine\am2j\PRED_exists_directory_1.h">
      <Filter>Header Files</Filter>
    </ClInclude>
    <ClInclude Include="src\compiler\sxxmachine\am2j\PRED_make_directory_1.h">
      <Filter>Header Files</Filter>
    </ClInclude>
    <ClInclude Include="src\compiler\sxxmachine\am2j\PRED_file_directory_name_2.h">
      <Filter>Header Files</Filter>
    </ClInclude>
  </ItemGroup>
  <ItemGroup>
    <None Include="eclipse-out\classes\sxxmachine\package.html" />
    <None Include="jsrc~\machine\sxxmachine\package.html" />
    <None Include="jsrc~\compiler\sxxmachine\package.html" />
    <None Include="prolog~\index.html" />
    <None Include="jsrc\machine\sxxmachine\package.html" />
    <None Include="jsrc\compiler\sxxmachine\package.html" />
    <None Include="prolog\index.html" />
    <None Include="prolog\www.info.ucl.ac.be\index.html" />
    <None Include="prolog\www.info.ucl.ac.be\~pvr\micromondes.html" />
    <None Include="prolog\www.info.ucl.ac.be\~pvr\index.html" />
    <None Include="prolog\www.info.ucl.ac.be\~pvr\cvvanroy.html" />
    <None Include="prolog\www.info.ucl.ac.be\people\pvr\cv.html" />
    <None Include="prolog\www.info.ucl.ac.be\people\pvr\fracta.html" />
    <None Include="prolog\www.info.ucl.ac.be\people\pvr\distribution.html" />
    <None Include="prolog\www.info.ucl.ac.be\people\pvr\glibreductionist.html" />
    <None Include="prolog\www.info.ucl.ac.be\people\pvr\tom_edcg.html" />
    <None Include="prolog\www.info.ucl.ac.be\people\pvr\edcg.html" />
    <None Include="prolog\www.info.ucl.ac.be\people\pvr\paradigmes.html" />
    <None Include="prolog\www.info.ucl.ac.be\people\pvr\aquarius.html" />
    <None Include="prolog\www.info.ucl.ac.be\people\pvr\index.html" />
    <None Include="prolog\www.info.ucl.ac.be\people\pvr\unify_alg_code.html" />
    <None Include="prolog\www.info.ucl.ac.be\people\pvr\unify_alg.html" />
    <None Include="prolog\www.info.ucl.ac.be\people\pvr\realizations.html" />
    <None Include="prolog\www.info.ucl.ac.be\people\pvr\implementation.html" />
    <None Include="prolog\www.info.ucl.ac.be\people\pvr\paradigms.html" />
    <None Include="prolog\www.info.ucl.ac.be\people\pvr\peter.thesis\Peter.thesis.html" />
    <None Include="prolog\ftpstuff\index.html" />
    <None Include="prolog\ftpstuff\prolog_threads\readme.html" />
    <None Include="prolog\ftpstuff\prolog_threads\index.html" />
    <None Include="prolog\ftpstuff\life\index.html" />
    <None Include="prolog\ftpstuff\aquarius\index.html" />
    <None Include="prolog\ftpstuff\fractasketch\index.html" />
    <None Include="prolog\ftpstuff\images\index.html" />
    <None Include="ClassDiagram1.cd" />
  </ItemGroup>
</Project>